
Microsoft Visual Studio Solution File, Format Version 12.00
# Visual Studio 15
VisualStudioVersion = 15.0.27004.2010
MinimumVisualStudioVersion = 10.0.40219.1
Project("{FAE04EC0-301F-11D3-BF4B-00C04F79EFBC}") = "SpellChecker.Contracts", "SpellChecker.Contracts\SpellChecker.Contracts.csproj", "{75C30714-CFB3-4A65-BF88-BED6C1638E67}"
EndProject
Global
	GlobalSection(SolutionConfigurationPlatforms) = preSolution
		Debug|Any CPU = Debug|Any CPU
		Release|Any CPU = Release|Any CPU
	EndGlobalSection
	GlobalSection(ProjectConfigurationPlatforms) = postSolution
		{75C30714-CFB3-4A65-BF88-BED6C1638E67}.Debug|Any CPU.ActiveCfg = Debug|Any CPU
		{75C30714-CFB3-4A65-BF88-BED6C1638E67}.Debug|Any CPU.Build.0 = Debug|Any CPU
		{75C30714-CFB3-4A65-BF88-BED6C1638E67}.Release|Any CPU.ActiveCfg = Release|Any CPU
		{75C30714-CFB3-4A65-BF88-BED6C1638E67}.Release|Any CPU.Build.0 = Release|Any CPU
	EndGlobalSection
	GlobalSection(SolutionProperties) = preSolution
		HideSolutionNode = FALSE
	EndGlobalSection
	GlobalSection(ExtensibilityGlobals) = postSolution
		SolutionGuid = {784BF8E2-49EE-40DC-A4ED-C61C6D8DCA3F}
	EndGlobalSection
EndGlobal
